
Microsoft Visual Studio Solution File, Format Version 12.00
# Visual Studio Version 17
VisualStudioVersion = 17.11.35208.52
MinimumVisualStudioVersion = 10.0.40219.1
Project("{FAE04EC0-301F-11D3-BF4B-00C04F79EFBC}") = "FibertelApiRest", "FibertelApiRest.csproj", "{92EAA31A-CD98-4ECB-B24B-FB8D7BBB4C41}"
EndProject
Project("{FAE04EC0-301F-11D3-BF4B-00C04F79EFBC}") = "FibertelData", "..\FibertelData\FibertelData.csproj", "{4EB34157-4B8B-4E83-9B1A-2EC059CF249E}"
EndProject
Project("{FAE04EC0-301F-11D3-BF4B-00C04F79EFBC}") = "FibertelDomain", "..\FibertelDomain\FibertelDomain.csproj", "{CFCC5ADC-F835-4529-BE01-6B6B2E3973A8}"
EndProject
Global
	GlobalSection(SolutionConfigurationPlatforms) = preSolution
		Debug|Any CPU = Debug|Any CPU
		Release|Any CPU = Release|Any CPU
	EndGlobalSection
	GlobalSection(ProjectConfigurationPlatforms) = postSolution
		{92EAA31A-CD98-4ECB-B24B-FB8D7BBB4C41}.Debug|Any CPU.ActiveCfg = Debug|Any CPU
		{92EAA31A-CD98-4ECB-B24B-FB8D7BBB4C41}.Debug|Any CPU.Build.0 = Debug|Any CPU
		{92EAA31A-CD98-4ECB-B24B-FB8D7BBB4C41}.Release|Any CPU.ActiveCfg = Release|Any CPU
		{92EAA31A-CD98-4ECB-B24B-FB8D7BBB4C41}.Release|Any CPU.Build.0 = Release|Any CPU
		{4EB34157-4B8B-4E83-9B1A-2EC059CF249E}.Debug|Any CPU.ActiveCfg = Debug|Any CPU
		{4EB34157-4B8B-4E83-9B1A-2EC059CF249E}.Debug|Any CPU.Build.0 = Debug|Any CPU
		{4EB34157-4B8B-4E83-9B1A-2EC059CF249E}.Release|Any CPU.ActiveCfg = Release|Any CPU
		{4EB34157-4B8B-4E83-9B1A-2EC059CF249E}.Release|Any CPU.Build.0 = Release|Any CPU
		{CFCC5ADC-F835-4529-BE01-6B6B2E3973A8}.Debug|Any CPU.ActiveCfg = Debug|Any CPU
		{CFCC5ADC-F835-4529-BE01-6B6B2E3973A8}.Debug|Any CPU.Build.0 = Debug|Any CPU
		{CFCC5ADC-F835-4529-BE01-6B6B2E3973A8}.Release|Any CPU.ActiveCfg = Release|Any CPU
		{CFCC5ADC-F835-4529-BE01-6B6B2E3973A8}.Release|Any CPU.Build.0 = Release|Any CPU
	EndGlobalSection
	GlobalSection(SolutionProperties) = preSolution
		HideSolutionNode = FALSE
	EndGlobalSection
	GlobalSection(ExtensibilityGlobals) = postSolution
		SolutionGuid = {550AA721-5006-467B-8DBF-2D2C8B19FA27}
	EndGlobalSection
EndGlobal
